
Microsoft Visual Studio Solution File, Format Version 11.00
# Visual Studio 2010
Project("{FAE04EC0-301F-11D3-BF4B-00C04F79EFBC}") = "Assembly-CSharp", "Assembly-CSharp.csproj", "{c0a9c3b9-26e2-43a8-f1fc-34b72b45f830}"
EndProject
Project("{FAE04EC0-301F-11D3-BF4B-00C04F79EFBC}") = "Assembly-CSharp-firstpass", "Assembly-CSharp-firstpass.csproj", "{5924371d-f591-2dd5-da3f-385acbec7492}"
EndProject
Project("{FAE04EC0-301F-11D3-BF4B-00C04F79EFBC}") = "Assembly-CSharp-Editor", "Assembly-CSharp-Editor.csproj", "{7994bf6f-63b0-6d1c-12ea-5135bb0629c3}"
EndProject
Global
	GlobalSection(SolutionConfigurationPlatforms) = preSolution
		Debug|Any CPU = Debug|Any CPU
	EndGlobalSection
	GlobalSection(ProjectConfigurationPlatforms) = postSolution
		{c0a9c3b9-26e2-43a8-f1fc-34b72b45f830}.Debug|Any CPU.ActiveCfg = Debug|Any CPU
		{c0a9c3b9-26e2-43a8-f1fc-34b72b45f830}.Debug|Any CPU.Build.0 = Debug|Any CPU
		{5924371d-f591-2dd5-da3f-385acbec7492}.Debug|Any CPU.ActiveCfg = Debug|Any CPU
		{5924371d-f591-2dd5-da3f-385acbec7492}.Debug|Any CPU.Build.0 = Debug|Any CPU
		{7994bf6f-63b0-6d1c-12ea-5135bb0629c3}.Debug|Any CPU.ActiveCfg = Debug|Any CPU
		{7994bf6f-63b0-6d1c-12ea-5135bb0629c3}.Debug|Any CPU.Build.0 = Debug|Any CPU
	EndGlobalSection
	GlobalSection(SolutionProperties) = preSolution
		HideSolutionNode = FALSE
	EndGlobalSection
EndGlobal
